
Microsoft Visual Studio Solution File, Format Version 12.00
# Visual Studio Express 2013 for Windows Desktop
VisualStudioVersion = 12.0.30501.0
MinimumVisualStudioVersion = 10.0.40219.1
Project("{8BC9CEB8-8B4A-11D0-8D11-00A0C91BC942}") = "yip", "yip.vcxproj", "{813980C8-96D9-4FCF-94D5-5597DCDAB127}"
EndProject
Project("{8BC9CEB8-8B4A-11D0-8D11-00A0C91BC942}") = "yipServer", ".\yipServer\yipServer.vcxproj", "{EFA17D3E-A920-4A35-8A01-6CD808CC91AB}"
	ProjectSection(ProjectDependencies) = postProject
		{813980C8-96D9-4FCF-94D5-5597DCDAB127} = {813980C8-96D9-4FCF-94D5-5597DCDAB127}
	EndProjectSection
EndProject
Project("{8BC9CEB8-8B4A-11D0-8D11-00A0C91BC942}") = "yipClient", ".\yipClient\yipClient.vcxproj", "{ED0A4F58-471D-4283-BD6C-4CF87E3DA774}"
	ProjectSection(ProjectDependencies) = postProject
		{813980C8-96D9-4FCF-94D5-5597DCDAB127} = {813980C8-96D9-4FCF-94D5-5597DCDAB127}
	EndProjectSection
EndProject
Global
	GlobalSection(SolutionConfigurationPlatforms) = preSolution
		Debug|Win32 = Debug|Win32
		Release|Win32 = Release|Win32
	EndGlobalSection
	GlobalSection(ProjectConfigurationPlatforms) = postSolution
		{813980C8-96D9-4FCF-94D5-5597DCDAB127}.Debug|Win32.ActiveCfg = Debug|Win32
		{813980C8-96D9-4FCF-94D5-5597DCDAB127}.Debug|Win32.Build.0 = Debug|Win32
		{813980C8-96D9-4FCF-94D5-5597DCDAB127}.Release|Win32.ActiveCfg = Release|Win32
		{813980C8-96D9-4FCF-94D5-5597DCDAB127}.Release|Win32.Build.0 = Release|Win32
		{EFA17D3E-A920-4A35-8A01-6CD808CC91AB}.Debug|Win32.ActiveCfg = Debug|Win32
		{EFA17D3E-A920-4A35-8A01-6CD808CC91AB}.Debug|Win32.Build.0 = Debug|Win32
		{EFA17D3E-A920-4A35-8A01-6CD808CC91AB}.Release|Win32.ActiveCfg = Release|Win32
		{EFA17D3E-A920-4A35-8A01-6CD808CC91AB}.Release|Win32.Build.0 = Release|Win32
		{ED0A4F58-471D-4283-BD6C-4CF87E3DA774}.Debug|Win32.ActiveCfg = Debug|Win32
		{ED0A4F58-471D-4283-BD6C-4CF87E3DA774}.Debug|Win32.Build.0 = Debug|Win32
		{ED0A4F58-471D-4283-BD6C-4CF87E3DA774}.Release|Win32.ActiveCfg = Release|Win32
		{ED0A4F58-471D-4283-BD6C-4CF87E3DA774}.Release|Win32.Build.0 = Release|Win32
	EndGlobalSection
	GlobalSection(SolutionProperties) = preSolution
		HideSolutionNode = FALSE
	EndGlobalSection
EndGlobal
